{
  "name": "frontend.directory",
  "version": "0.0.1",
  "lockfileVersion": 3,
  "requires": true,
  "packages": {
    "": {
      "name": "frontend.directory",
      "version": "0.0.1",
      "license": "ISC",
      "dependencies": {
        "yaml": "^2.4.5"
      },
      "devDependencies": {
        "typescript": "^5.5.3"
      }
    },
    "node_modules/typescript": {
      "version": "5.5.3",
      "resolved": "https://registry.npmjs.org/typescript/-/typescript-5.5.3.tgz",
      "integrity": "sha512-/hreyEujaB0w76zKo6717l3L0o/qEUtRgdvUBvlkhoWeOVMjMuHNHk0BRBzikzuGDqNmPQbg5ifMEqsHLiIUcQ==",
      "dev": true,
      "bin": {
        "tsc": "bin/tsc",
        "tsserver": "bin/tsserver"
      },
      "engines": {
        "node": ">=14.17"
      }
    },
    "node_modules/yaml": {
      "version": "2.4.5",
      "resolved": "https://registry.npmjs.org/yaml/-/yaml-2.4.5.tgz",
      "integrity": "sha512-aBx2bnqDzVOyNKfsysjA2ms5ZlnjSAW2eG3/L5G/CSujfjLJTJsEw1bGw8kCf04KodQWk1pxlGnZ56CRxiawmg==",
      "bin": {
        "yaml": "bin.mjs"
      },
      "engines": {
        "node": ">= 14"
      }
    }
  }
}
